// !$*UTF8*$!
{
	archiveVersion = 1;
	classes = {
	};
	objectVersion = 56;
	objects = {

/* Begin PBXBuildFile section */
		E83FCE3A2C6C9CFA0022E4B5 /* License.txt in Resources */ = {isa = PBXBuildFile; fileRef = E83FCE392C6C9CFA0022E4B5 /* License.txt */; };
		E83FCE3C2C6C9EF10022E4B5 /* Credits.rtf in Resources */ = {isa = PBXBuildFile; fileRef = E83FCE3B2C6C9EF10022E4B5 /* Credits.rtf */; };
		E8BD48E12C6C9B4D009A8BBD /* Camera.swift in Sources */ = {isa = PBXBuildFile; fileRef = E8BD48E02C6C9B4D009A8BBD /* Camera.swift */; };
		E8BD48E32C6C9B65009A8BBD /* DataModel.swift in Sources */ = {isa = PBXBuildFile; fileRef = E8BD48E22C6C9B65009A8BBD /* DataModel.swift */; };
		E8CA77ED2C6C8F0E001736B9 /* CameraApp.swift in Sources */ = {isa = PBXBuildFile; fileRef = E8CA77EC2C6C8F0E001736B9 /* CameraApp.swift */; };
		E8CA77EF2C6C8F0E001736B9 /* CameraView.swift in Sources */ = {isa = PBXBuildFile; fileRef = E8CA77EE2C6C8F0E001736B9 /* CameraView.swift */; };
		E8CA77F12C6C8F0F001736B9 /* Assets.xcassets in Resources */ = {isa = PBXBuildFile; fileRef = E8CA77F02C6C8F0F001736B9 /* Assets.xcassets */; };
		E8CA77F42C6C8F0F001736B9 /* Preview Assets.xcassets in Resources */ = {isa = PBXBuildFile; fileRef = E8CA77F32C6C8F0F001736B9 /* Preview Assets.xcassets */; };
/* End PBXBuildFile section */

/* Begin PBXFileReference section */
		E83FCE392C6C9CFA0022E4B5 /* License.txt */ = {isa = PBXFileReference; fileEncoding = 4; lastKnownFileType = text; path = License.txt; sourceTree = "<group>"; };
		E83FCE3B2C6C9EF10022E4B5 /* Credits.rtf */ = {isa = PBXFileReference; lastKnownFileType = text.rtf; path = Credits.rtf; sourceTree = "<group>"; };
		E8BD48E02C6C9B4D009A8BBD /* Camera.swift */ = {isa = PBXFileReference; lastKnownFileType = sourcecode.swift; path = Camera.swift; sourceTree = "<group>"; };
		E8BD48E22C6C9B65009A8BBD /* DataModel.swift */ = {isa = PBXFileReference; lastKnownFileType = sourcecode.swift; path = DataModel.swift; sourceTree = "<group>"; };
		E8CA77E92C6C8F0E001736B9 /* CNC Camera.app */ = {isa = PBXFileReference; explicitFileType = wrapper.application; includeInIndex = 0; path = "CNC Camera.app"; sourceTree = BUILT_PRODUCTS_DIR; };
		E8CA77EC2C6C8F0E001736B9 /* CameraApp.swift */ = {isa = PBXFileReference; lastKnownFileType = sourcecode.swift; path = CameraApp.swift; sourceTree = "<group>"; };
		E8CA77EE2C6C8F0E001736B9 /* CameraView.swift */ = {isa = PBXFileReference; lastKnownFileType = sourcecode.swift; path = CameraView.swift; sourceTree = "<group>"; };
		E8CA77F02C6C8F0F001736B9 /* Assets.xcassets */ = {isa = PBXFileReference; lastKnownFileType = folder.assetcatalog; path = Assets.xcassets; sourceTree = "<group>"; };
		E8CA77F32C6C8F0F001736B9 /* Preview Assets.xcassets */ = {isa = PBXFileReference; lastKnownFileType = folder.assetcatalog; path = "Preview Assets.xcassets"; sourceTree = "<group>"; };
		E8CA77FA2C6C8F2B001736B9 /* CNC Camera.entitlements */ = {isa = PBXFileReference; lastKnownFileType = text.plist.entitlements; path = "CNC Camera.entitlements"; sourceTree = "<group>"; };
/* End PBXFileReference section */

/* Begin PBXFrameworksBuildPhase section */
		E8CA77E62C6C8F0E001736B9 /* Frameworks */ = {
			isa = PBXFrameworksBuildPhase;
			buildActionMask = 2147483647;
			files = (
			);
			runOnlyForDeploymentPostprocessing = 0;
		};
/* End PBXFrameworksBuildPhase section */

/* Begin PBXGroup section */
		E8CA77E02C6C8F0E001736B9 = {
			isa = PBXGroup;
			children = (
				E8CA77EB2C6C8F0E001736B9 /* CNC Camera */,
				E8CA77EA2C6C8F0E001736B9 /* Products */,
			);
			sourceTree = "<group>";
		};
		E8CA77EA2C6C8F0E001736B9 /* Products */ = {
			isa = PBXGroup;
			children = (
				E8CA77E92C6C8F0E001736B9 /* CNC Camera.app */,
			);
			name = Products;
			sourceTree = "<group>";
		};
		E8CA77EB2C6C8F0E001736B9 /* CNC Camera */ = {
			isa = PBXGroup;
			children = (
				E83FCE3B2C6C9EF10022E4B5 /* Credits.rtf */,
				E83FCE392C6C9CFA0022E4B5 /* License.txt */,
				E8CA77F02C6C8F0F001736B9 /* Assets.xcassets */,
				E8CA77FA2C6C8F2B001736B9 /* CNC Camera.entitlements */,
				E8BD48E02C6C9B4D009A8BBD /* Camera.swift */,
				E8CA77EC2C6C8F0E001736B9 /* CameraApp.swift */,
				E8CA77EE2C6C8F0E001736B9 /* CameraView.swift */,
				E8BD48E22C6C9B65009A8BBD /* DataModel.swift */,
				E8CA77F22C6C8F0F001736B9 /* Preview Content */,
			);
			path = "CNC Camera";
			sourceTree = "<group>";
		};
		E8CA77F22C6C8F0F001736B9 /* Preview Content */ = {
			isa = PBXGroup;
			children = (
				E8CA77F32C6C8F0F001736B9 /* Preview Assets.xcassets */,
			);
			path = "Preview Content";
			sourceTree = "<group>";
		};
/* End PBXGroup section */

/* Begin PBXNativeTarget section */
		E8CA77E82C6C8F0E001736B9 /* CNC Camera */ = {
			isa = PBXNativeTarget;
			buildConfigurationList = E8CA77F72C6C8F0F001736B9 /* Build configuration list for PBXNativeTarget "CNC Camera" */;
			buildPhases = (
				E8CA77E52C6C8F0E001736B9 /* Sources */,
				E8CA77E62C6C8F0E001736B9 /* Frameworks */,
				E8CA77E72C6C8F0E001736B9 /* Resources */,
			);
			buildRules = (
			);
			dependencies = (
			);
			name = "CNC Camera";
			productName = "CNC Camera";
			productReference = E8CA77E92C6C8F0E001736B9 /* CNC Camera.app */;
			productType = "com.apple.product-type.application";
		};
/* End PBXNativeTarget section */

/* Begin PBXProject section */
		E8CA77E12C6C8F0E001736B9 /* Project object */ = {
			isa = PBXProject;
			attributes = {
				BuildIndependentTargetsInParallel = 1;
				LastSwiftUpdateCheck = 1540;
				LastUpgradeCheck = 1540;
				TargetAttributes = {
					E8CA77E82C6C8F0E001736B9 = {
						CreatedOnToolsVersion = 15.4;
					};
				};
			};
			buildConfigurationList = E8CA77E42C6C8F0E001736B9 /* Build configuration list for PBXProject "CNC Camera" */;
			compatibilityVersion = "Xcode 14.0";
			developmentRegion = en;
			hasScannedForEncodings = 0;
			knownRegions = (
				en,
				Base,
			);
			mainGroup = E8CA77E02C6C8F0E001736B9;
			productRefGroup = E8CA77EA2C6C8F0E001736B9 /* Products */;
			projectDirPath = "";
			projectRoot = "";
			targets = (
				E8CA77E82C6C8F0E001736B9 /* CNC Camera */,
			);
		};
/* End PBXProject section */

/* Begin PBXResourcesBuildPhase section */
		E8CA77E72C6C8F0E001736B9 /* Resources */ = {
			isa = PBXResourcesBuildPhase;
			buildActionMask = 2147483647;
			files = (
				E8CA77F42C6C8F0F001736B9 /* Preview Assets.xcassets in Resources */,
				E8CA77F12C6C8F0F001736B9 /* Assets.xcassets in Resources */,
				E83FCE3A2C6C9CFA0022E4B5 /* License.txt in Resources */,
				E83FCE3C2C6C9EF10022E4B5 /* Credits.rtf in Resources */,
			);
			runOnlyForDeploymentPostprocessing = 0;
		};
/* End PBXResourcesBuildPhase section */

/* Begin PBXSourcesBuildPhase section */
		E8CA77E52C6C8F0E001736B9 /* Sources */ = {
			isa = PBXSourcesBuildPhase;
			buildActionMask = 2147483647;
			files = (
				E8CA77EF2C6C8F0E001736B9 /* CameraView.swift in Sources */,
				E8BD48E32C6C9B65009A8BBD /* DataModel.swift in Sources */,
				E8CA77ED2C6C8F0E001736B9 /* CameraApp.swift in Sources */,
				E8BD48E12C6C9B4D009A8BBD /* Camera.swift in Sources */,
			);
			runOnlyForDeploymentPostprocessing = 0;
		};
/* End PBXSourcesBuildPhase section */

/* Begin XCBuildConfiguration section */
		E8CA77F52C6C8F0F001736B9 /* Debug */ = {
			isa = XCBuildConfiguration;
			buildSettings = {
				ALWAYS_SEARCH_USER_PATHS = NO;
				ASSETCATALOG_COMPILER_GENERATE_SWIFT_ASSET_SYMBOL_EXTENSIONS = YES;
				CLANG_ANALYZER_NONNULL = YES;
				CLANG_ANALYZER_NUMBER_OBJECT_CONVERSION = YES_AGGRESSIVE;
				CLANG_CXX_LANGUAGE_STANDARD = "gnu++20";
				CLANG_ENABLE_MODULES = YES;
				CLANG_ENABLE_OBJC_ARC = YES;
				CLANG_ENABLE_OBJC_WEAK = YES;
				CLANG_WARN_BLOCK_CAPTURE_AUTORELEASING = YES;
				CLANG_WARN_BOOL_CONVERSION = YES;
				CLANG_WARN_COMMA = YES;
				CLANG_WARN_CONSTANT_CONVERSION = YES;
				CLANG_WARN_DEPRECATED_OBJC_IMPLEMENTATIONS = YES;
				CLANG_WARN_DIRECT_OBJC_ISA_USAGE = YES_ERROR;
				CLANG_WARN_DOCUMENTATION_COMMENTS = YES;
				CLANG_WARN_EMPTY_BODY = YES;
				CLANG_WARN_ENUM_CONVERSION = YES;
				CLANG_WARN_INFINITE_RECURSION = YES;
				CLANG_WARN_INT_CONVERSION = YES;
				CLANG_WARN_NON_LITERAL_NULL_CONVERSION = YES;
				CLANG_WARN_OBJC_IMPLICIT_RETAIN_SELF = YES;
				CLANG_WARN_OBJC_LITERAL_CONVERSION = YES;
				CLANG_WARN_OBJC_ROOT_CLASS = YES_ERROR;
				CLANG_WARN_QUOTED_INCLUDE_IN_FRAMEWORK_HEADER = YES;
				CLANG_WARN_RANGE_LOOP_ANALYSIS = YES;
				CLANG_WARN_STRICT_PROTOTYPES = YES;
				CLANG_WARN_SUSPICIOUS_MOVE = YES;
				CLANG_WARN_UNGUARDED_AVAILABILITY = YES_AGGRESSIVE;
				CLANG_WARN_UNREACHABLE_CODE = YES;
				CLANG_WARN__DUPLICATE_METHOD_MATCH = YES;
				COPY_PHASE_STRIP = NO;
				DEBUG_INFORMATION_FORMAT = dwarf;
				ENABLE_STRICT_OBJC_MSGSEND = YES;
				ENABLE_TESTABILITY = YES;
				ENABLE_USER_SCRIPT_SANDBOXING = YES;
				GCC_C_LANGUAGE_STANDARD = gnu17;
				GCC_DYNAMIC_NO_PIC = NO;
				GCC_NO_COMMON_BLOCKS = YES;
				GCC_OPTIMIZATION_LEVEL = 0;
				GCC_PREPROCESSOR_DEFINITIONS = (
					"DEBUG=1",
					"$(inherited)",
				);
				GCC_WARN_64_TO_32_BIT_CONVERSION = YES;
				GCC_WARN_ABOUT_RETURN_TYPE = YES_ERROR;
				GCC_WARN_UNDECLARED_SELECTOR = YES;
				GCC_WARN_UNINITIALIZED_AUTOS = YES_AGGRESSIVE;
				GCC_WARN_UNUSED_FUNCTION = YES;
				GCC_WARN_UNUSED_VARIABLE = YES;
				IPHONEOS_DEPLOYMENT_TARGET = 13.0;
				LOCALIZATION_PREFERS_STRING_CATALOGS = YES;
				MTL_ENABLE_DEBUG_INFO = INCLUDE_SOURCE;
				MTL_FAST_MATH = YES;
				ONLY_ACTIVE_ARCH = NO;
				SDKROOT = iphoneos;
				SWIFT_ACTIVE_COMPILATION_CONDITIONS = "DEBUG $(inherited)";
				SWIFT_OPTIMIZATION_LEVEL = "-Onone";
			};
			name = Debug;
		};
		E8CA77F62C6C8F0F001736B9 /* Release */ = {
			isa = XCBuildConfiguration;
			buildSettings = {
				ALWAYS_SEARCH_USER_PATHS = NO;
				ASSETCATALOG_COMPILER_GENERATE_SWIFT_ASSET_SYMBOL_EXTENSIONS = YES;
				CLANG_ANALYZER_NONNULL = YES;
				CLANG_ANALYZER_NUMBER_OBJECT_CONVERSION = YES_AGGRESSIVE;
				CLANG_CXX_LANGUAGE_STANDARD = "gnu++20";
				CLANG_ENABLE_MODULES = YES;
				CLANG_ENABLE_OBJC_ARC = YES;
				CLANG_ENABLE_OBJC_WEAK = YES;
				CLANG_WARN_BLOCK_CAPTURE_AUTORELEASING = YES;
				CLANG_WARN_BOOL_CONVERSION = YES;
				CLANG_WARN_COMMA = YES;
				CLANG_WARN_CONSTANT_CONVERSION = YES;
				CLANG_WARN_DEPRECATED_OBJC_IMPLEMENTATIONS = YES;
				CLANG_WARN_DIRECT_OBJC_ISA_USAGE = YES_ERROR;
				CLANG_WARN_DOCUMENTATION_COMMENTS = YES;
				CLANG_WARN_EMPTY_BODY = YES;
				CLANG_WARN_ENUM_CONVERSION = YES;
				CLANG_WARN_INFINITE_RECURSION = YES;
				CLANG_WARN_INT_CONVERSION = YES;
				CLANG_WARN_NON_LITERAL_NULL_CONVERSION = YES;
				CLANG_WARN_OBJC_IMPLICIT_RETAIN_SELF = YES;
				CLANG_WARN_OBJC_LITERAL_CONVERSION = YES;
				CLANG_WARN_OBJC_ROOT_CLASS = YES_ERROR;
				CLANG_WARN_QUOTED_INCLUDE_IN_FRAMEWORK_HEADER = YES;
				CLANG_WARN_RANGE_LOOP_ANALYSIS = YES;
				CLANG_WARN_STRICT_PROTOTYPES = YES;
				CLANG_WARN_SUSPICIOUS_MOVE = YES;
				CLANG_WARN_UNGUARDED_AVAILABILITY = YES_AGGRESSIVE;
				CLANG_WARN_UNREACHABLE_CODE = YES;
				CLANG_WARN__DUPLICATE_METHOD_MATCH = YES;
				COPY_PHASE_STRIP = NO;
				DEBUG_INFORMATION_FORMAT = "dwarf-with-dsym";
				ENABLE_NS_ASSERTIONS = NO;
				ENABLE_STRICT_OBJC_MSGSEND = YES;
				ENABLE_USER_SCRIPT_SANDBOXING = YES;
				GCC_C_LANGUAGE_STANDARD = gnu17;
				GCC_NO_COMMON_BLOCKS = YES;
				GCC_WARN_64_TO_32_BIT_CONVERSION = YES;
				GCC_WARN_ABOUT_RETURN_TYPE = YES_ERROR;
				GCC_WARN_UNDECLARED_SELECTOR = YES;
				GCC_WARN_UNINITIALIZED_AUTOS = YES_AGGRESSIVE;
				GCC_WARN_UNUSED_FUNCTION = YES;
				GCC_WARN_UNUSED_VARIABLE = YES;
				IPHONEOS_DEPLOYMENT_TARGET = 13.0;
				LOCALIZATION_PREFERS_STRING_CATALOGS = YES;
				MTL_ENABLE_DEBUG_INFO = NO;
				MTL_FAST_MATH = YES;
				ONLY_ACTIVE_ARCH = YES;
				SDKROOT = iphoneos;
				SWIFT_COMPILATION_MODE = wholemodule;
				VALIDATE_PRODUCT = YES;
			};
			name = Release;
		};
		E8CA77F82C6C8F0F001736B9 /* Debug */ = {
			isa = XCBuildConfiguration;
			buildSettings = {
				ASSETCATALOG_COMPILER_APPICON_NAME = AppIcon;
				ASSETCATALOG_COMPILER_GLOBAL_ACCENT_COLOR_NAME = AccentColor;
				CODE_SIGN_ENTITLEMENTS = "CNC Camera/CNC Camera.entitlements";
				CODE_SIGN_STYLE = Automatic;
				CURRENT_PROJECT_VERSION = 1;
				DEVELOPMENT_ASSET_PATHS = "\"CNC Camera/Preview Content\"";
				DEVELOPMENT_TEAM = V2LV7426WZ;
				ENABLE_PREVIEWS = YES;
				GENERATE_INFOPLIST_FILE = YES;
				INFOPLIST_KEY_LSApplicationCategoryType = "public.app-category.video";
				INFOPLIST_KEY_NSCameraUsageDescription = "To access attached cameras";
				INFOPLIST_KEY_NSHumanReadableCopyright = "Copyright ©️ 2024 André Hartman";
				INFOPLIST_KEY_UIApplicationSceneManifest_Generation = YES;
				INFOPLIST_KEY_UIApplicationSupportsIndirectInputEvents = YES;
				INFOPLIST_KEY_UILaunchScreen_Generation = YES;
				INFOPLIST_KEY_UISupportedInterfaceOrientations = UIInterfaceOrientationPortrait;
				IPHONEOS_DEPLOYMENT_TARGET = 15.0;
				LD_RUNPATH_SEARCH_PATHS = (
					"$(inherited)",
					"@executable_path/Frameworks",
				);
				MARKETING_VERSION = 2.0;
				PRODUCT_BUNDLE_IDENTIFIER = "com.ahartman.CNC-Camera";
				PRODUCT_NAME = "$(TARGET_NAME)";
				SUPPORTED_PLATFORMS = "iphoneos iphonesimulator";
				SUPPORTS_MACCATALYST = YES;
				SUPPORTS_MAC_DESIGNED_FOR_IPHONE_IPAD = NO;
				SUPPORTS_XR_DESIGNED_FOR_IPHONE_IPAD = NO;
				SWIFT_EMIT_LOC_STRINGS = YES;
				SWIFT_VERSION = 5.0;
				TARGETED_DEVICE_FAMILY = "1,2";
			};
			name = Debug;
		};
		E8CA77F92C6C8F0F001736B9 /* Release */ = {
			isa = XCBuildConfiguration;
			buildSettings = {
				ASSETCATALOG_COMPILER_APPICON_NAME = AppIcon;
				ASSETCATALOG_COMPILER_GLOBAL_ACCENT_COLOR_NAME = AccentColor;
				CODE_SIGN_ENTITLEMENTS = "CNC Camera/CNC Camera.entitlements";
				CODE_SIGN_STYLE = Automatic;
				CURRENT_PROJECT_VERSION = 1;
				DEVELOPMENT_ASSET_PATHS = "\"CNC Camera/Preview Content\"";
				DEVELOPMENT_TEAM = V2LV7426WZ;
				ENABLE_PREVIEWS = YES;
				GENERATE_INFOPLIST_FILE = YES;
				INFOPLIST_KEY_LSApplicationCategoryType = "public.app-category.video";
				INFOPLIST_KEY_NSCameraUsageDescription = "To access attached cameras";
				INFOPLIST_KEY_NSHumanReadableCopyright = "Copyright ©️ 2024 André Hartman";
				INFOPLIST_KEY_UIApplicationSceneManifest_Generation = YES;
				INFOPLIST_KEY_UIApplicationSupportsIndirectInputEvents = YES;
				INFOPLIST_KEY_UILaunchScreen_Generation = YES;
				INFOPLIST_KEY_UISupportedInterfaceOrientations = UIInterfaceOrientationPortrait;
				IPHONEOS_DEPLOYMENT_TARGET = 15.0;
				LD_RUNPATH_SEARCH_PATHS = (
					"$(inherited)",
					"@executable_path/Frameworks",
				);
				MARKETING_VERSION = 2.0;
				PRODUCT_BUNDLE_IDENTIFIER = "com.ahartman.CNC-Camera";
				PRODUCT_NAME = "$(TARGET_NAME)";
				SUPPORTED_PLATFORMS = "iphoneos iphonesimulator";
				SUPPORTS_MACCATALYST = YES;
				SUPPORTS_MAC_DESIGNED_FOR_IPHONE_IPAD = NO;
				SUPPORTS_XR_DESIGNED_FOR_IPHONE_IPAD = NO;
				SWIFT_EMIT_LOC_STRINGS = YES;
				SWIFT_VERSION = 5.0;
				TARGETED_DEVICE_FAMILY = "1,2";
			};
			name = Release;
		};
/* End XCBuildConfiguration section */

/* Begin XCConfigurationList section */
		E8CA77E42C6C8F0E001736B9 /* Build configuration list for PBXProject "CNC Camera" */ = {
			isa = XCConfigurationList;
			buildConfigurations = (
				E8CA77F52C6C8F0F001736B9 /* Debug */,
				E8CA77F62C6C8F0F001736B9 /* Release */,
			);
			defaultConfigurationIsVisible = 0;
			defaultConfigurationName = Release;
		};
		E8CA77F72C6C8F0F001736B9 /* Build configuration list for PBXNativeTarget "CNC Camera" */ = {
			isa = XCConfigurationList;
			buildConfigurations = (
				E8CA77F82C6C8F0F001736B9 /* Debug */,
				E8CA77F92C6C8F0F001736B9 /* Release */,
			);
			defaultConfigurationIsVisible = 0;
			defaultConfigurationName = Release;
		};
/* End XCConfigurationList section */
	};
	rootObject = E8CA77E12C6C8F0E001736B9 /* Project object */;
}
